{
  "name": "@pigalle/transporters.base",
  "version": "0.1.0-alpha1",
  "lockfileVersion": 1,
  "requires": true,
  "dependencies": {
    "@pigalle/core.base.class": {
      "version": "0.1.0-alpha2",
      "resolved": "https://registry.npmjs.org/@pigalle/core.base.class/-/core.base.class-0.1.0-alpha2.tgz",
      "integrity": "sha512-pi2lFxsnQBxONfglqo+44yOFZUT8GZV+wUrIBlP9vokXEOMB1pnSiCB7HaqlnebKKy0Dt0Ac6dts5l7kCpb+NQ=="
    }
  }
}
